
Microsoft Visual Studio Solution File, Format Version 12.00
# Visual Studio 15
VisualStudioVersion = 15.0.28307.271
MinimumVisualStudioVersion = 10.0.40219.1
Project("{FAE04EC0-301F-11D3-BF4B-00C04F79EFBC}") = "HomeWebApp", "HomeWebApp\HomeWebApp.csproj", "{582B8CB6-4EC8-4359-A3E9-8FED6CCC14A2}"
EndProject
Global
	GlobalSection(SolutionConfigurationPlatforms) = preSolution
		Debug|Any CPU = Debug|Any CPU
		Release|Any CPU = Release|Any CPU
	EndGlobalSection
	GlobalSection(ProjectConfigurationPlatforms) = postSolution
		{582B8CB6-4EC8-4359-A3E9-8FED6CCC14A2}.Debug|Any CPU.ActiveCfg = Debug|Any CPU
		{582B8CB6-4EC8-4359-A3E9-8FED6CCC14A2}.Debug|Any CPU.Build.0 = Debug|Any CPU
		{582B8CB6-4EC8-4359-A3E9-8FED6CCC14A2}.Release|Any CPU.ActiveCfg = Release|Any CPU
		{582B8CB6-4EC8-4359-A3E9-8FED6CCC14A2}.Release|Any CPU.Build.0 = Release|Any CPU
	EndGlobalSection
	GlobalSection(SolutionProperties) = preSolution
		HideSolutionNode = FALSE
	EndGlobalSection
	GlobalSection(ExtensibilityGlobals) = postSolution
		SolutionGuid = {186C5799-237B-4F31-BC2E-8BFB1B75E41D}
	EndGlobalSection
EndGlobal
